{
  "name": "legacy-billing-web",
  "lockfileVersion": 2,
  "packages": {
    "": {
      "name": "legacy-billing-web"
    },
    "node_modules/jsonwebtoken": {
      "version": "9.0.2"
    },
    "node_modules/node-forge": {
      "version": "1.3.1"
    },
    "node_modules/crypto-js": {
      "version": "4.2.0"
    },
    "node_modules/elliptic": {
      "version": "6.5.5"
    },
    "node_modules/jws": {
      "version": "4.0.0"
    }
  }
}
